// !$*UTF8*$!
{
	archiveVersion = 1;
	classes = {
	};
	objectVersion = 50;
	objects = {

/* Begin PBXBuildFile section */
		2E86298D26F91A1100E59C48 /* AppDelegate.swift in Sources */ = {isa = PBXBuildFile; fileRef = 2E86298C26F91A1100E59C48 /* AppDelegate.swift */; };
		2E86298F26F91A1100E59C48 /* SceneDelegate.swift in Sources */ = {isa = PBXBuildFile; fileRef = 2E86298E26F91A1100E59C48 /* SceneDelegate.swift */; };
		2E86299626F91A1200E59C48 /* Assets.xcassets in Resources */ = {isa = PBXBuildFile; fileRef = 2E86299526F91A1200E59C48 /* Assets.xcassets */; };
		2E86299926F91A1200E59C48 /* LaunchScreen.storyboard in Resources */ = {isa = PBXBuildFile; fileRef = 2E86299726F91A1200E59C48 /* LaunchScreen.storyboard */; };
		2E8629A426F91A1300E59C48 /* LookForBussinessAppTests.swift in Sources */ = {isa = PBXBuildFile; fileRef = 2E8629A326F91A1300E59C48 /* LookForBussinessAppTests.swift */; };
		2E8629AF26F91A1300E59C48 /* LookForBussinessAppUITests.swift in Sources */ = {isa = PBXBuildFile; fileRef = 2E8629AE26F91A1300E59C48 /* LookForBussinessAppUITests.swift */; };
		2E8629DF26FA454E00E59C48 /* MapViewBusinessSearchViewController.swift in Sources */ = {isa = PBXBuildFile; fileRef = 2E8629DE26FA454E00E59C48 /* MapViewBusinessSearchViewController.swift */; };
		2E8629E126FA456300E59C48 /* MapViewBusinessSearchPresenter.swift in Sources */ = {isa = PBXBuildFile; fileRef = 2E8629E026FA456300E59C48 /* MapViewBusinessSearchPresenter.swift */; };
		2E8629E726FA4BB300E59C48 /* BusinessDetailPresenter.swift in Sources */ = {isa = PBXBuildFile; fileRef = 2E8629E626FA4BB300E59C48 /* BusinessDetailPresenter.swift */; };
		2E8629EB26FA501800E59C48 /* MapViewBusinessSearchSceneComposer.swift in Sources */ = {isa = PBXBuildFile; fileRef = 2E8629EA26FA501800E59C48 /* MapViewBusinessSearchSceneComposer.swift */; };
		2E8629ED26FA502800E59C48 /* BusinessDetailSceneComposer.swift in Sources */ = {isa = PBXBuildFile; fileRef = 2E8629EC26FA502800E59C48 /* BusinessDetailSceneComposer.swift */; };
		2E8629F126FA50DB00E59C48 /* Extensions.swift in Sources */ = {isa = PBXBuildFile; fileRef = 2E8629F026FA50DB00E59C48 /* Extensions.swift */; };
		2E8629F326FA694F00E59C48 /* MapView.swift in Sources */ = {isa = PBXBuildFile; fileRef = 2E8629F226FA694F00E59C48 /* MapView.swift */; };
		2E8629F826FA80AD00E59C48 /* LookForBussiness.framework in Frameworks */ = {isa = PBXBuildFile; fileRef = 2E8629F726FA80AD00E59C48 /* LookForBussiness.framework */; };
		2E8629F926FA80AD00E59C48 /* LookForBussiness.framework in Embed Frameworks */ = {isa = PBXBuildFile; fileRef = 2E8629F726FA80AD00E59C48 /* LookForBussiness.framework */; settings = {ATTRIBUTES = (CodeSignOnCopy, RemoveHeadersOnCopy, ); }; };
		2E9E494926FFBAED00082DBD /* KickOffCoordinator.swift in Sources */ = {isa = PBXBuildFile; fileRef = 2E9E494826FFBAED00082DBD /* KickOffCoordinator.swift */; };
		2E9E494D26FFCAA100082DBD /* BusinessDetailsCoordinator.swift in Sources */ = {isa = PBXBuildFile; fileRef = 2E9E494C26FFCAA100082DBD /* BusinessDetailsCoordinator.swift */; };
		2ECE0F4126FA8833004E0553 /* MapViewBusinessSearchDataModel.swift in Sources */ = {isa = PBXBuildFile; fileRef = 2ECE0F4026FA8833004E0553 /* MapViewBusinessSearchDataModel.swift */; };
		2ECE0F4626FBC277004E0553 /* Coordinator.swift in Sources */ = {isa = PBXBuildFile; fileRef = 2ECE0F4526FBC277004E0553 /* Coordinator.swift */; };
		2ECE0F4826FBC8DA004E0553 /* BusinessDetailsViewController.swift in Sources */ = {isa = PBXBuildFile; fileRef = 2ECE0F4726FBC8DA004E0553 /* BusinessDetailsViewController.swift */; };
		2ECE0F4A26FBCF10004E0553 /* BusinessDetailsDataModel.swift in Sources */ = {isa = PBXBuildFile; fileRef = 2ECE0F4926FBCF10004E0553 /* BusinessDetailsDataModel.swift */; };
/* End PBXBuildFile section */

/* Begin PBXContainerItemProxy section */
		2E8629A026F91A1300E59C48 /* PBXContainerItemProxy */ = {
			isa = PBXContainerItemProxy;
			containerPortal = 2E86298126F91A1100E59C48 /* Project object */;
			proxyType = 1;
			remoteGlobalIDString = 2E86298826F91A1100E59C48;
			remoteInfo = LookForBussinessApp;
		};
		2E8629AB26F91A1300E59C48 /* PBXContainerItemProxy */ = {
			isa = PBXContainerItemProxy;
			containerPortal = 2E86298126F91A1100E59C48 /* Project object */;
			proxyType = 1;
			remoteGlobalIDString = 2E86298826F91A1100E59C48;
			remoteInfo = LookForBussinessApp;
		};
/* End PBXContainerItemProxy section */

/* Begin PBXCopyFilesBuildPhase section */
		2E8629FA26FA80AD00E59C48 /* Embed Frameworks */ = {
			isa = PBXCopyFilesBuildPhase;
			buildActionMask = 2147483647;
			dstPath = "";
			dstSubfolderSpec = 10;
			files = (
				2E8629F926FA80AD00E59C48 /* LookForBussiness.framework in Embed Frameworks */,
			);
			name = "Embed Frameworks";
			runOnlyForDeploymentPostprocessing = 0;
		};
/* End PBXCopyFilesBuildPhase section */

/* Begin PBXFileReference section */
		2E86298926F91A1100E59C48 /* LookForBussinessApp.app */ = {isa = PBXFileReference; explicitFileType = wrapper.application; includeInIndex = 0; path = LookForBussinessApp.app; sourceTree = BUILT_PRODUCTS_DIR; };
		2E86298C26F91A1100E59C48 /* AppDelegate.swift */ = {isa = PBXFileReference; lastKnownFileType = sourcecode.swift; path = AppDelegate.swift; sourceTree = "<group>"; };
		2E86298E26F91A1100E59C48 /* SceneDelegate.swift */ = {isa = PBXFileReference; lastKnownFileType = sourcecode.swift; path = SceneDelegate.swift; sourceTree = "<group>"; };
		2E86299526F91A1200E59C48 /* Assets.xcassets */ = {isa = PBXFileReference; lastKnownFileType = folder.assetcatalog; path = Assets.xcassets; sourceTree = "<group>"; };
		2E86299826F91A1200E59C48 /* Base */ = {isa = PBXFileReference; lastKnownFileType = file.storyboard; name = Base; path = Base.lproj/LaunchScreen.storyboard; sourceTree = "<group>"; };
		2E86299A26F91A1200E59C48 /* Info.plist */ = {isa = PBXFileReference; lastKnownFileType = text.plist.xml; path = Info.plist; sourceTree = "<group>"; };
		2E86299F26F91A1200E59C48 /* LookForBussinessAppTests.xctest */ = {isa = PBXFileReference; explicitFileType = wrapper.cfbundle; includeInIndex = 0; path = LookForBussinessAppTests.xctest; sourceTree = BUILT_PRODUCTS_DIR; };
		2E8629A326F91A1300E59C48 /* LookForBussinessAppTests.swift */ = {isa = PBXFileReference; lastKnownFileType = sourcecode.swift; path = LookForBussinessAppTests.swift; sourceTree = "<group>"; };
		2E8629A526F91A1300E59C48 /* Info.plist */ = {isa = PBXFileReference; lastKnownFileType = text.plist.xml; path = Info.plist; sourceTree = "<group>"; };
		2E8629AA26F91A1300E59C48 /* LookForBussinessAppUITests.xctest */ = {isa = PBXFileReference; explicitFileType = wrapper.cfbundle; includeInIndex = 0; path = LookForBussinessAppUITests.xctest; sourceTree = BUILT_PRODUCTS_DIR; };
		2E8629AE26F91A1300E59C48 /* LookForBussinessAppUITests.swift */ = {isa = PBXFileReference; lastKnownFileType = sourcecode.swift; path = LookForBussinessAppUITests.swift; sourceTree = "<group>"; };
		2E8629B026F91A1300E59C48 /* Info.plist */ = {isa = PBXFileReference; lastKnownFileType = text.plist.xml; path = Info.plist; sourceTree = "<group>"; };
		2E8629DE26FA454E00E59C48 /* MapViewBusinessSearchViewController.swift */ = {isa = PBXFileReference; lastKnownFileType = sourcecode.swift; path = MapViewBusinessSearchViewController.swift; sourceTree = "<group>"; };
		2E8629E026FA456300E59C48 /* MapViewBusinessSearchPresenter.swift */ = {isa = PBXFileReference; lastKnownFileType = sourcecode.swift; path = MapViewBusinessSearchPresenter.swift; sourceTree = "<group>"; };
		2E8629E626FA4BB300E59C48 /* BusinessDetailPresenter.swift */ = {isa = PBXFileReference; lastKnownFileType = sourcecode.swift; path = BusinessDetailPresenter.swift; sourceTree = "<group>"; };
		2E8629EA26FA501800E59C48 /* MapViewBusinessSearchSceneComposer.swift */ = {isa = PBXFileReference; lastKnownFileType = sourcecode.swift; path = MapViewBusinessSearchSceneComposer.swift; sourceTree = "<group>"; };
		2E8629EC26FA502800E59C48 /* BusinessDetailSceneComposer.swift */ = {isa = PBXFileReference; lastKnownFileType = sourcecode.swift; path = BusinessDetailSceneComposer.swift; sourceTree = "<group>"; };
		2E8629F026FA50DB00E59C48 /* Extensions.swift */ = {isa = PBXFileReference; lastKnownFileType = sourcecode.swift; path = Extensions.swift; sourceTree = "<group>"; };
		2E8629F226FA694F00E59C48 /* MapView.swift */ = {isa = PBXFileReference; lastKnownFileType = sourcecode.swift; path = MapView.swift; sourceTree = "<group>"; };
		2E8629F726FA80AD00E59C48 /* LookForBussiness.framework */ = {isa = PBXFileReference; explicitFileType = wrapper.framework; path = LookForBussiness.framework; sourceTree = BUILT_PRODUCTS_DIR; };
		2E9E494826FFBAED00082DBD /* KickOffCoordinator.swift */ = {isa = PBXFileReference; lastKnownFileType = sourcecode.swift; path = KickOffCoordinator.swift; sourceTree = "<group>"; };
		2E9E494C26FFCAA100082DBD /* BusinessDetailsCoordinator.swift */ = {isa = PBXFileReference; lastKnownFileType = sourcecode.swift; path = BusinessDetailsCoordinator.swift; sourceTree = "<group>"; };
		2ECE0F4026FA8833004E0553 /* MapViewBusinessSearchDataModel.swift */ = {isa = PBXFileReference; lastKnownFileType = sourcecode.swift; path = MapViewBusinessSearchDataModel.swift; sourceTree = "<group>"; };
		2ECE0F4526FBC277004E0553 /* Coordinator.swift */ = {isa = PBXFileReference; lastKnownFileType = sourcecode.swift; path = Coordinator.swift; sourceTree = "<group>"; };
		2ECE0F4726FBC8DA004E0553 /* BusinessDetailsViewController.swift */ = {isa = PBXFileReference; lastKnownFileType = sourcecode.swift; path = BusinessDetailsViewController.swift; sourceTree = "<group>"; };
		2ECE0F4926FBCF10004E0553 /* BusinessDetailsDataModel.swift */ = {isa = PBXFileReference; lastKnownFileType = sourcecode.swift; path = BusinessDetailsDataModel.swift; sourceTree = "<group>"; };
/* End PBXFileReference section */

/* Begin PBXFrameworksBuildPhase section */
		2E86298626F91A1100E59C48 /* Frameworks */ = {
			isa = PBXFrameworksBuildPhase;
			buildActionMask = 2147483647;
			files = (
				2E8629F826FA80AD00E59C48 /* LookForBussiness.framework in Frameworks */,
			);
			runOnlyForDeploymentPostprocessing = 0;
		};
		2E86299C26F91A1200E59C48 /* Frameworks */ = {
			isa = PBXFrameworksBuildPhase;
			buildActionMask = 2147483647;
			files = (
			);
			runOnlyForDeploymentPostprocessing = 0;
		};
		2E8629A726F91A1300E59C48 /* Frameworks */ = {
			isa = PBXFrameworksBuildPhase;
			buildActionMask = 2147483647;
			files = (
			);
			runOnlyForDeploymentPostprocessing = 0;
		};
/* End PBXFrameworksBuildPhase section */

/* Begin PBXGroup section */
		2E86298026F91A1100E59C48 = {
			isa = PBXGroup;
			children = (
				2E86298B26F91A1100E59C48 /* LookForBussinessApp */,
				2E8629A226F91A1300E59C48 /* LookForBussinessAppTests */,
				2E8629AD26F91A1300E59C48 /* LookForBussinessAppUITests */,
				2E86298A26F91A1100E59C48 /* Products */,
				2E8629F626FA80AD00E59C48 /* Frameworks */,
			);
			sourceTree = "<group>";
		};
		2E86298A26F91A1100E59C48 /* Products */ = {
			isa = PBXGroup;
			children = (
				2E86298926F91A1100E59C48 /* LookForBussinessApp.app */,
				2E86299F26F91A1200E59C48 /* LookForBussinessAppTests.xctest */,
				2E8629AA26F91A1300E59C48 /* LookForBussinessAppUITests.xctest */,
			);
			name = Products;
			sourceTree = "<group>";
		};
		2E86298B26F91A1100E59C48 /* LookForBussinessApp */ = {
			isa = PBXGroup;
			children = (
				2E8629E926FA4FB700E59C48 /* App */,
				2E8629E826FA4F8900E59C48 /* Scenes */,
				2E8629EF26FA507400E59C48 /* Extensions */,
				2E86299726F91A1200E59C48 /* LaunchScreen.storyboard */,
			);
			path = LookForBussinessApp;
			sourceTree = "<group>";
		};
		2E8629A226F91A1300E59C48 /* LookForBussinessAppTests */ = {
			isa = PBXGroup;
			children = (
				2E8629A326F91A1300E59C48 /* LookForBussinessAppTests.swift */,
				2E8629A526F91A1300E59C48 /* Info.plist */,
			);
			path = LookForBussinessAppTests;
			sourceTree = "<group>";
		};
		2E8629AD26F91A1300E59C48 /* LookForBussinessAppUITests */ = {
			isa = PBXGroup;
			children = (
				2E8629AE26F91A1300E59C48 /* LookForBussinessAppUITests.swift */,
				2E8629B026F91A1300E59C48 /* Info.plist */,
			);
			path = LookForBussinessAppUITests;
			sourceTree = "<group>";
		};
		2E8629DC26FA439A00E59C48 /* MapViewBusinessSearchScene */ = {
			isa = PBXGroup;
			children = (
				2E8629EA26FA501800E59C48 /* MapViewBusinessSearchSceneComposer.swift */,
				2E8629DE26FA454E00E59C48 /* MapViewBusinessSearchViewController.swift */,
				2E8629E026FA456300E59C48 /* MapViewBusinessSearchPresenter.swift */,
				2ECE0F4026FA8833004E0553 /* MapViewBusinessSearchDataModel.swift */,
				2E8629EE26FA505500E59C48 /* MapView */,
			);
			path = MapViewBusinessSearchScene;
			sourceTree = "<group>";
		};
		2E8629DD26FA43B900E59C48 /* BusinessDetailScene */ = {
			isa = PBXGroup;
			children = (
				2E8629EC26FA502800E59C48 /* BusinessDetailSceneComposer.swift */,
				2E8629E626FA4BB300E59C48 /* BusinessDetailPresenter.swift */,
				2ECE0F4726FBC8DA004E0553 /* BusinessDetailsViewController.swift */,
				2ECE0F4926FBCF10004E0553 /* BusinessDetailsDataModel.swift */,
			);
			path = BusinessDetailScene;
			sourceTree = "<group>";
		};
		2E8629E826FA4F8900E59C48 /* Scenes */ = {
			isa = PBXGroup;
			children = (
				2ECE0F4426FBC24A004E0553 /* Coordinators */,
				2E8629DC26FA439A00E59C48 /* MapViewBusinessSearchScene */,
				2E8629DD26FA43B900E59C48 /* BusinessDetailScene */,
			);
			path = "\bScenes";
			sourceTree = "<group>";
		};
		2E8629E926FA4FB700E59C48 /* App */ = {
			isa = PBXGroup;
			children = (
				2E86298C26F91A1100E59C48 /* AppDelegate.swift */,
				2E86298E26F91A1100E59C48 /* SceneDelegate.swift */,
				2E86299526F91A1200E59C48 /* Assets.xcassets */,
				2E86299A26F91A1200E59C48 /* Info.plist */,
			);
			path = App;
			sourceTree = "<group>";
		};
		2E8629EE26FA505500E59C48 /* MapView */ = {
			isa = PBXGroup;
			children = (
				2E8629F226FA694F00E59C48 /* MapView.swift */,
			);
			path = MapView;
			sourceTree = "<group>";
		};
		2E8629EF26FA507400E59C48 /* Extensions */ = {
			isa = PBXGroup;
			children = (
				2E8629F026FA50DB00E59C48 /* Extensions.swift */,
			);
			path = Extensions;
			sourceTree = "<group>";
		};
		2E8629F626FA80AD00E59C48 /* Frameworks */ = {
			isa = PBXGroup;
			children = (
				2E8629F726FA80AD00E59C48 /* LookForBussiness.framework */,
			);
			name = Frameworks;
			sourceTree = "<group>";
		};
		2ECE0F4426FBC24A004E0553 /* Coordinators */ = {
			isa = PBXGroup;
			children = (
				2ECE0F4526FBC277004E0553 /* Coordinator.swift */,
				2E9E494826FFBAED00082DBD /* KickOffCoordinator.swift */,
				2E9E494C26FFCAA100082DBD /* BusinessDetailsCoordinator.swift */,
			);
			path = Coordinators;
			sourceTree = "<group>";
		};
/* End PBXGroup section */

/* Begin PBXNativeTarget section */
		2E86298826F91A1100E59C48 /* LookForBussinessApp */ = {
			isa = PBXNativeTarget;
			buildConfigurationList = 2E8629B326F91A1300E59C48 /* Build configuration list for PBXNativeTarget "LookForBussinessApp" */;
			buildPhases = (
				2E86298526F91A1100E59C48 /* Sources */,
				2E86298626F91A1100E59C48 /* Frameworks */,
				2E86298726F91A1100E59C48 /* Resources */,
				2E8629FA26FA80AD00E59C48 /* Embed Frameworks */,
			);
			buildRules = (
			);
			dependencies = (
			);
			name = LookForBussinessApp;
			productName = LookForBussinessApp;
			productReference = 2E86298926F91A1100E59C48 /* LookForBussinessApp.app */;
			productType = "com.apple.product-type.application";
		};
		2E86299E26F91A1200E59C48 /* LookForBussinessAppTests */ = {
			isa = PBXNativeTarget;
			buildConfigurationList = 2E8629B626F91A1300E59C48 /* Build configuration list for PBXNativeTarget "LookForBussinessAppTests" */;
			buildPhases = (
				2E86299B26F91A1200E59C48 /* Sources */,
				2E86299C26F91A1200E59C48 /* Frameworks */,
				2E86299D26F91A1200E59C48 /* Resources */,
			);
			buildRules = (
			);
			dependencies = (
				2E8629A126F91A1300E59C48 /* PBXTargetDependency */,
			);
			name = LookForBussinessAppTests;
			productName = LookForBussinessAppTests;
			productReference = 2E86299F26F91A1200E59C48 /* LookForBussinessAppTests.xctest */;
			productType = "com.apple.product-type.bundle.unit-test";
		};
		2E8629A926F91A1300E59C48 /* LookForBussinessAppUITests */ = {
			isa = PBXNativeTarget;
			buildConfigurationList = 2E8629B926F91A1300E59C48 /* Build configuration list for PBXNativeTarget "LookForBussinessAppUITests" */;
			buildPhases = (
				2E8629A626F91A1300E59C48 /* Sources */,
				2E8629A726F91A1300E59C48 /* Frameworks */,
				2E8629A826F91A1300E59C48 /* Resources */,
			);
			buildRules = (
			);
			dependencies = (
				2E8629AC26F91A1300E59C48 /* PBXTargetDependency */,
			);
			name = LookForBussinessAppUITests;
			productName = LookForBussinessAppUITests;
			productReference = 2E8629AA26F91A1300E59C48 /* LookForBussinessAppUITests.xctest */;
			productType = "com.apple.product-type.bundle.ui-testing";
		};
/* End PBXNativeTarget section */

/* Begin PBXProject section */
		2E86298126F91A1100E59C48 /* Project object */ = {
			isa = PBXProject;
			attributes = {
				LastSwiftUpdateCheck = 1250;
				LastUpgradeCheck = 1250;
				TargetAttributes = {
					2E86298826F91A1100E59C48 = {
						CreatedOnToolsVersion = 12.5.1;
					};
					2E86299E26F91A1200E59C48 = {
						CreatedOnToolsVersion = 12.5.1;
						TestTargetID = 2E86298826F91A1100E59C48;
					};
					2E8629A926F91A1300E59C48 = {
						CreatedOnToolsVersion = 12.5.1;
						TestTargetID = 2E86298826F91A1100E59C48;
					};
				};
			};
			buildConfigurationList = 2E86298426F91A1100E59C48 /* Build configuration list for PBXProject "LookForBussinessApp" */;
			compatibilityVersion = "Xcode 9.3";
			developmentRegion = en;
			hasScannedForEncodings = 0;
			knownRegions = (
				en,
				Base,
			);
			mainGroup = 2E86298026F91A1100E59C48;
			productRefGroup = 2E86298A26F91A1100E59C48 /* Products */;
			projectDirPath = "";
			projectRoot = "";
			targets = (
				2E86298826F91A1100E59C48 /* LookForBussinessApp */,
				2E86299E26F91A1200E59C48 /* LookForBussinessAppTests */,
				2E8629A926F91A1300E59C48 /* LookForBussinessAppUITests */,
			);
		};
/* End PBXProject section */

/* Begin PBXResourcesBuildPhase section */
		2E86298726F91A1100E59C48 /* Resources */ = {
			isa = PBXResourcesBuildPhase;
			buildActionMask = 2147483647;
			files = (
				2E86299926F91A1200E59C48 /* LaunchScreen.storyboard in Resources */,
				2E86299626F91A1200E59C48 /* Assets.xcassets in Resources */,
			);
			runOnlyForDeploymentPostprocessing = 0;
		};
		2E86299D26F91A1200E59C48 /* Resources */ = {
			isa = PBXResourcesBuildPhase;
			buildActionMask = 2147483647;
			files = (
			);
			runOnlyForDeploymentPostprocessing = 0;
		};
		2E8629A826F91A1300E59C48 /* Resources */ = {
			isa = PBXResourcesBuildPhase;
			buildActionMask = 2147483647;
			files = (
			);
			runOnlyForDeploymentPostprocessing = 0;
		};
/* End PBXResourcesBuildPhase section */

/* Begin PBXSourcesBuildPhase section */
		2E86298526F91A1100E59C48 /* Sources */ = {
			isa = PBXSourcesBuildPhase;
			buildActionMask = 2147483647;
			files = (
				2E8629E726FA4BB300E59C48 /* BusinessDetailPresenter.swift in Sources */,
				2E86298D26F91A1100E59C48 /* AppDelegate.swift in Sources */,
				2E9E494926FFBAED00082DBD /* KickOffCoordinator.swift in Sources */,
				2ECE0F4126FA8833004E0553 /* MapViewBusinessSearchDataModel.swift in Sources */,
				2E8629EB26FA501800E59C48 /* MapViewBusinessSearchSceneComposer.swift in Sources */,
				2E8629ED26FA502800E59C48 /* BusinessDetailSceneComposer.swift in Sources */,
				2ECE0F4826FBC8DA004E0553 /* BusinessDetailsViewController.swift in Sources */,
				2E8629DF26FA454E00E59C48 /* MapViewBusinessSearchViewController.swift in Sources */,
				2E8629F126FA50DB00E59C48 /* Extensions.swift in Sources */,
				2ECE0F4A26FBCF10004E0553 /* BusinessDetailsDataModel.swift in Sources */,
				2ECE0F4626FBC277004E0553 /* Coordinator.swift in Sources */,
				2E8629F326FA694F00E59C48 /* MapView.swift in Sources */,
				2E86298F26F91A1100E59C48 /* SceneDelegate.swift in Sources */,
				2E9E494D26FFCAA100082DBD /* BusinessDetailsCoordinator.swift in Sources */,
				2E8629E126FA456300E59C48 /* MapViewBusinessSearchPresenter.swift in Sources */,
			);
			runOnlyForDeploymentPostprocessing = 0;
		};
		2E86299B26F91A1200E59C48 /* Sources */ = {
			isa = PBXSourcesBuildPhase;
			buildActionMask = 2147483647;
			files = (
				2E8629A426F91A1300E59C48 /* LookForBussinessAppTests.swift in Sources */,
			);
			runOnlyForDeploymentPostprocessing = 0;
		};
		2E8629A626F91A1300E59C48 /* Sources */ = {
			isa = PBXSourcesBuildPhase;
			buildActionMask = 2147483647;
			files = (
				2E8629AF26F91A1300E59C48 /* LookForBussinessAppUITests.swift in Sources */,
			);
			runOnlyForDeploymentPostprocessing = 0;
		};
/* End PBXSourcesBuildPhase section */

/* Begin PBXTargetDependency section */
		2E8629A126F91A1300E59C48 /* PBXTargetDependency */ = {
			isa = PBXTargetDependency;
			target = 2E86298826F91A1100E59C48 /* LookForBussinessApp */;
			targetProxy = 2E8629A026F91A1300E59C48 /* PBXContainerItemProxy */;
		};
		2E8629AC26F91A1300E59C48 /* PBXTargetDependency */ = {
			isa = PBXTargetDependency;
			target = 2E86298826F91A1100E59C48 /* LookForBussinessApp */;
			targetProxy = 2E8629AB26F91A1300E59C48 /* PBXContainerItemProxy */;
		};
/* End PBXTargetDependency section */

/* Begin PBXVariantGroup section */
		2E86299726F91A1200E59C48 /* LaunchScreen.storyboard */ = {
			isa = PBXVariantGroup;
			children = (
				2E86299826F91A1200E59C48 /* Base */,
			);
			name = LaunchScreen.storyboard;
			sourceTree = "<group>";
		};
/* End PBXVariantGroup section */

/* Begin XCBuildConfiguration section */
		2E8629B126F91A1300E59C48 /* Debug */ = {
			isa = XCBuildConfiguration;
			buildSettings = {
				ALWAYS_SEARCH_USER_PATHS = NO;
				CLANG_ANALYZER_NONNULL = YES;
				CLANG_ANALYZER_NUMBER_OBJECT_CONVERSION = YES_AGGRESSIVE;
				CLANG_CXX_LANGUAGE_STANDARD = "gnu++14";
				CLANG_CXX_LIBRARY = "libc++";
				CLANG_ENABLE_MODULES = YES;
				CLANG_ENABLE_OBJC_ARC = YES;
				CLANG_ENABLE_OBJC_WEAK = YES;
				CLANG_WARN_BLOCK_CAPTURE_AUTORELEASING = YES;
				CLANG_WARN_BOOL_CONVERSION = YES;
				CLANG_WARN_COMMA = YES;
				CLANG_WARN_CONSTANT_CONVERSION = YES;
				CLANG_WARN_DEPRECATED_OBJC_IMPLEMENTATIONS = YES;
				CLANG_WARN_DIRECT_OBJC_ISA_USAGE = YES_ERROR;
				CLANG_WARN_DOCUMENTATION_COMMENTS = YES;
				CLANG_WARN_EMPTY_BODY = YES;
				CLANG_WARN_ENUM_CONVERSION = YES;
				CLANG_WARN_INFINITE_RECURSION = YES;
				CLANG_WARN_INT_CONVERSION = YES;
				CLANG_WARN_NON_LITERAL_NULL_CONVERSION = YES;
				CLANG_WARN_OBJC_IMPLICIT_RETAIN_SELF = YES;
				CLANG_WARN_OBJC_LITERAL_CONVERSION = YES;
				CLANG_WARN_OBJC_ROOT_CLASS = YES_ERROR;
				CLANG_WARN_QUOTED_INCLUDE_IN_FRAMEWORK_HEADER = YES;
				CLANG_WARN_RANGE_LOOP_ANALYSIS = YES;
				CLANG_WARN_STRICT_PROTOTYPES = YES;
				CLANG_WARN_SUSPICIOUS_MOVE = YES;
				CLANG_WARN_UNGUARDED_AVAILABILITY = YES_AGGRESSIVE;
				CLANG_WARN_UNREACHABLE_CODE = YES;
				CLANG_WARN__DUPLICATE_METHOD_MATCH = YES;
				COPY_PHASE_STRIP = NO;
				DEBUG_INFORMATION_FORMAT = dwarf;
				ENABLE_STRICT_OBJC_MSGSEND = YES;
				ENABLE_TESTABILITY = YES;
				GCC_C_LANGUAGE_STANDARD = gnu11;
				GCC_DYNAMIC_NO_PIC = NO;
				GCC_NO_COMMON_BLOCKS = YES;
				GCC_OPTIMIZATION_LEVEL = 0;
				GCC_PREPROCESSOR_DEFINITIONS = (
					"DEBUG=1",
					"$(inherited)",
				);
				GCC_WARN_64_TO_32_BIT_CONVERSION = YES;
				GCC_WARN_ABOUT_RETURN_TYPE = YES_ERROR;
				GCC_WARN_UNDECLARED_SELECTOR = YES;
				GCC_WARN_UNINITIALIZED_AUTOS = YES_AGGRESSIVE;
				GCC_WARN_UNUSED_FUNCTION = YES;
				GCC_WARN_UNUSED_VARIABLE = YES;
				IPHONEOS_DEPLOYMENT_TARGET = 13.0;
				MTL_ENABLE_DEBUG_INFO = INCLUDE_SOURCE;
				MTL_FAST_MATH = YES;
				ONLY_ACTIVE_ARCH = YES;
				SDKROOT = iphoneos;
				SWIFT_ACTIVE_COMPILATION_CONDITIONS = DEBUG;
				SWIFT_OPTIMIZATION_LEVEL = "-Onone";
			};
			name = Debug;
		};
		2E8629B226F91A1300E59C48 /* Release */ = {
			isa = XCBuildConfiguration;
			buildSettings = {
				ALWAYS_SEARCH_USER_PATHS = NO;
				CLANG_ANALYZER_NONNULL = YES;
				CLANG_ANALYZER_NUMBER_OBJECT_CONVERSION = YES_AGGRESSIVE;
				CLANG_CXX_LANGUAGE_STANDARD = "gnu++14";
				CLANG_CXX_LIBRARY = "libc++";
				CLANG_ENABLE_MODULES = YES;
				CLANG_ENABLE_OBJC_ARC = YES;
				CLANG_ENABLE_OBJC_WEAK = YES;
				CLANG_WARN_BLOCK_CAPTURE_AUTORELEASING = YES;
				CLANG_WARN_BOOL_CONVERSION = YES;
				CLANG_WARN_COMMA = YES;
				CLANG_WARN_CONSTANT_CONVERSION = YES;
				CLANG_WARN_DEPRECATED_OBJC_IMPLEMENTATIONS = YES;
				CLANG_WARN_DIRECT_OBJC_ISA_USAGE = YES_ERROR;
				CLANG_WARN_DOCUMENTATION_COMMENTS = YES;
				CLANG_WARN_EMPTY_BODY = YES;
				CLANG_WARN_ENUM_CONVERSION = YES;
				CLANG_WARN_INFINITE_RECURSION = YES;
				CLANG_WARN_INT_CONVERSION = YES;
				CLANG_WARN_NON_LITERAL_NULL_CONVERSION = YES;
				CLANG_WARN_OBJC_IMPLICIT_RETAIN_SELF = YES;
				CLANG_WARN_OBJC_LITERAL_CONVERSION = YES;
				CLANG_WARN_OBJC_ROOT_CLASS = YES_ERROR;
				CLANG_WARN_QUOTED_INCLUDE_IN_FRAMEWORK_HEADER = YES;
				CLANG_WARN_RANGE_LOOP_ANALYSIS = YES;
				CLANG_WARN_STRICT_PROTOTYPES = YES;
				CLANG_WARN_SUSPICIOUS_MOVE = YES;
				CLANG_WARN_UNGUARDED_AVAILABILITY = YES_AGGRESSIVE;
				CLANG_WARN_UNREACHABLE_CODE = YES;
				CLANG_WARN__DUPLICATE_METHOD_MATCH = YES;
				COPY_PHASE_STRIP = NO;
				DEBUG_INFORMATION_FORMAT = "dwarf-with-dsym";
				ENABLE_NS_ASSERTIONS = NO;
				ENABLE_STRICT_OBJC_MSGSEND = YES;
				GCC_C_LANGUAGE_STANDARD = gnu11;
				GCC_NO_COMMON_BLOCKS = YES;
				GCC_WARN_64_TO_32_BIT_CONVERSION = YES;
				GCC_WARN_ABOUT_RETURN_TYPE = YES_ERROR;
				GCC_WARN_UNDECLARED_SELECTOR = YES;
				GCC_WARN_UNINITIALIZED_AUTOS = YES_AGGRESSIVE;
				GCC_WARN_UNUSED_FUNCTION = YES;
				GCC_WARN_UNUSED_VARIABLE = YES;
				IPHONEOS_DEPLOYMENT_TARGET = 13.0;
				MTL_ENABLE_DEBUG_INFO = NO;
				MTL_FAST_MATH = YES;
				SDKROOT = iphoneos;
				SWIFT_COMPILATION_MODE = wholemodule;
				SWIFT_OPTIMIZATION_LEVEL = "-O";
				VALIDATE_PRODUCT = YES;
			};
			name = Release;
		};
		2E8629B426F91A1300E59C48 /* Debug */ = {
			isa = XCBuildConfiguration;
			buildSettings = {
				ASSETCATALOG_COMPILER_APPICON_NAME = AppIcon;
				ASSETCATALOG_COMPILER_GLOBAL_ACCENT_COLOR_NAME = AccentColor;
				CODE_SIGN_STYLE = Automatic;
				DEVELOPMENT_TEAM = R7J3GQ72T5;
				INFOPLIST_FILE = "$(SRCROOT)/LookForBussinessApp/App/Info.plist";
				LD_RUNPATH_SEARCH_PATHS = (
					"$(inherited)",
					"@executable_path/Frameworks",
				);
				PRODUCT_BUNDLE_IDENTIFIER = carlos.LookForBussinessApp;
				PRODUCT_NAME = "$(TARGET_NAME)";
				SWIFT_VERSION = 5.0;
				TARGETED_DEVICE_FAMILY = "1,2";
			};
			name = Debug;
		};
		2E8629B526F91A1300E59C48 /* Release */ = {
			isa = XCBuildConfiguration;
			buildSettings = {
				ASSETCATALOG_COMPILER_APPICON_NAME = AppIcon;
				ASSETCATALOG_COMPILER_GLOBAL_ACCENT_COLOR_NAME = AccentColor;
				CODE_SIGN_STYLE = Automatic;
				DEVELOPMENT_TEAM = R7J3GQ72T5;
				INFOPLIST_FILE = "$(SRCROOT)/LookForBussinessApp/App/Info.plist";
				LD_RUNPATH_SEARCH_PATHS = (
					"$(inherited)",
					"@executable_path/Frameworks",
				);
				PRODUCT_BUNDLE_IDENTIFIER = carlos.LookForBussinessApp;
				PRODUCT_NAME = "$(TARGET_NAME)";
				SWIFT_VERSION = 5.0;
				TARGETED_DEVICE_FAMILY = "1,2";
			};
			name = Release;
		};
		2E8629B726F91A1300E59C48 /* Debug */ = {
			isa = XCBuildConfiguration;
			buildSettings = {
				ALWAYS_EMBED_SWIFT_STANDARD_LIBRARIES = YES;
				BUNDLE_LOADER = "$(TEST_HOST)";
				CODE_SIGN_STYLE = Automatic;
				DEVELOPMENT_TEAM = R7J3GQ72T5;
				INFOPLIST_FILE = LookForBussinessAppTests/Info.plist;
				IPHONEOS_DEPLOYMENT_TARGET = 14.5;
				LD_RUNPATH_SEARCH_PATHS = (
					"$(inherited)",
					"@executable_path/Frameworks",
					"@loader_path/Frameworks",
				);
				PRODUCT_BUNDLE_IDENTIFIER = carlos.LookForBussinessAppTests;
				PRODUCT_NAME = "$(TARGET_NAME)";
				SWIFT_VERSION = 5.0;
				TARGETED_DEVICE_FAMILY = "1,2";
				TEST_HOST = "$(BUILT_PRODUCTS_DIR)/LookForBussinessApp.app/LookForBussinessApp";
			};
			name = Debug;
		};
		2E8629B826F91A1300E59C48 /* Release */ = {
			isa = XCBuildConfiguration;
			buildSettings = {
				ALWAYS_EMBED_SWIFT_STANDARD_LIBRARIES = YES;
				BUNDLE_LOADER = "$(TEST_HOST)";
				CODE_SIGN_STYLE = Automatic;
				DEVELOPMENT_TEAM = R7J3GQ72T5;
				INFOPLIST_FILE = LookForBussinessAppTests/Info.plist;
				IPHONEOS_DEPLOYMENT_TARGET = 14.5;
				LD_RUNPATH_SEARCH_PATHS = (
					"$(inherited)",
					"@executable_path/Frameworks",
					"@loader_path/Frameworks",
				);
				PRODUCT_BUNDLE_IDENTIFIER = carlos.LookForBussinessAppTests;
				PRODUCT_NAME = "$(TARGET_NAME)";
				SWIFT_VERSION = 5.0;
				TARGETED_DEVICE_FAMILY = "1,2";
				TEST_HOST = "$(BUILT_PRODUCTS_DIR)/LookForBussinessApp.app/LookForBussinessApp";
			};
			name = Release;
		};
		2E8629BA26F91A1300E59C48 /* Debug */ = {
			isa = XCBuildConfiguration;
			buildSettings = {
				ALWAYS_EMBED_SWIFT_STANDARD_LIBRARIES = YES;
				CODE_SIGN_STYLE = Automatic;
				DEVELOPMENT_TEAM = R7J3GQ72T5;
				INFOPLIST_FILE = LookForBussinessAppUITests/Info.plist;
				LD_RUNPATH_SEARCH_PATHS = (
					"$(inherited)",
					"@executable_path/Frameworks",
					"@loader_path/Frameworks",
				);
				PRODUCT_BUNDLE_IDENTIFIER = carlos.LookForBussinessAppUITests;
				PRODUCT_NAME = "$(TARGET_NAME)";
				SWIFT_VERSION = 5.0;
				TARGETED_DEVICE_FAMILY = "1,2";
				TEST_TARGET_NAME = LookForBussinessApp;
			};
			name = Debug;
		};
		2E8629BB26F91A1300E59C48 /* Release */ = {
			isa = XCBuildConfiguration;
			buildSettings = {
				ALWAYS_EMBED_SWIFT_STANDARD_LIBRARIES = YES;
				CODE_SIGN_STYLE = Automatic;
				DEVELOPMENT_TEAM = R7J3GQ72T5;
				INFOPLIST_FILE = LookForBussinessAppUITests/Info.plist;
				LD_RUNPATH_SEARCH_PATHS = (
					"$(inherited)",
					"@executable_path/Frameworks",
					"@loader_path/Frameworks",
				);
				PRODUCT_BUNDLE_IDENTIFIER = carlos.LookForBussinessAppUITests;
				PRODUCT_NAME = "$(TARGET_NAME)";
				SWIFT_VERSION = 5.0;
				TARGETED_DEVICE_FAMILY = "1,2";
				TEST_TARGET_NAME = LookForBussinessApp;
			};
			name = Release;
		};
/* End XCBuildConfiguration section */

/* Begin XCConfigurationList section */
		2E86298426F91A1100E59C48 /* Build configuration list for PBXProject "LookForBussinessApp" */ = {
			isa = XCConfigurationList;
			buildConfigurations = (
				2E8629B126F91A1300E59C48 /* Debug */,
				2E8629B226F91A1300E59C48 /* Release */,
			);
			defaultConfigurationIsVisible = 0;
			defaultConfigurationName = Release;
		};
		2E8629B326F91A1300E59C48 /* Build configuration list for PBXNativeTarget "LookForBussinessApp" */ = {
			isa = XCConfigurationList;
			buildConfigurations = (
				2E8629B426F91A1300E59C48 /* Debug */,
				2E8629B526F91A1300E59C48 /* Release */,
			);
			defaultConfigurationIsVisible = 0;
			defaultConfigurationName = Release;
		};
		2E8629B626F91A1300E59C48 /* Build configuration list for PBXNativeTarget "LookForBussinessAppTests" */ = {
			isa = XCConfigurationList;
			buildConfigurations = (
				2E8629B726F91A1300E59C48 /* Debug */,
				2E8629B826F91A1300E59C48 /* Release */,
			);
			defaultConfigurationIsVisible = 0;
			defaultConfigurationName = Release;
		};
		2E8629B926F91A1300E59C48 /* Build configuration list for PBXNativeTarget "LookForBussinessAppUITests" */ = {
			isa = XCConfigurationList;
			buildConfigurations = (
				2E8629BA26F91A1300E59C48 /* Debug */,
				2E8629BB26F91A1300E59C48 /* Release */,
			);
			defaultConfigurationIsVisible = 0;
			defaultConfigurationName = Release;
		};
/* End XCConfigurationList section */
	};
	rootObject = 2E86298126F91A1100E59C48 /* Project object */;
}
